
Microsoft Visual Studio Solution File, Format Version 12.00
# Visual Studio Version 16
VisualStudioVersion = 16.0.29806.167
MinimumVisualStudioVersion = 10.0.40219.1
Project("{9A19103F-16F7-4668-BE54-9A1E7A4F7556}") = "Intro", "Intro\Intro.csproj", "{6D2F5CA0-714B-4267-8D27-8E940D3F5BFA}"
EndProject
Project("{9A19103F-16F7-4668-BE54-9A1E7A4F7556}") = "DebugIntro", "DebugIntro\DebugIntro.csproj", "{D2C03DB6-716D-490D-AFFE-BDCF09912582}"
EndProject
Project("{9A19103F-16F7-4668-BE54-9A1E7A4F7556}") = "40-1", "40-1\40-1.csproj", "{FB2E9324-6016-4897-8C15-B6DF23985CDA}"
EndProject
Project("{9A19103F-16F7-4668-BE54-9A1E7A4F7556}") = "40-2", "40-2\40-2.csproj", "{095098EB-DF0F-4738-9EAF-BD98D54835B6}"
EndProject
Project("{9A19103F-16F7-4668-BE54-9A1E7A4F7556}") = "40-3", "40-3\40-3.csproj", "{FCAF0D35-5FE0-4879-A545-37D948EA463F}"
EndProject
Project("{9A19103F-16F7-4668-BE54-9A1E7A4F7556}") = "45-1", "45-1\45-1.csproj", "{E7A6A9FE-C2E7-4916-AAD5-D20EE69EFA90}"
EndProject
Project("{9A19103F-16F7-4668-BE54-9A1E7A4F7556}") = "50-1", "50-1\50-1.csproj", "{40A8460E-568D-484C-9824-F22FB7AA505C}"
EndProject
Project("{9A19103F-16F7-4668-BE54-9A1E7A4F7556}") = "48-1", "48-1\48-1.csproj", "{791F3B1B-8BBD-401D-BCFA-B44CDCC0B1C7}"
EndProject
Project("{9A19103F-16F7-4668-BE54-9A1E7A4F7556}") = "50-2", "50-2\50-2.csproj", "{7914E02E-0F7D-4666-8F4C-D23BC66B0D1E}"
EndProject
Project("{9A19103F-16F7-4668-BE54-9A1E7A4F7556}") = "60-1", "60-1\60-1.csproj", "{ECE3A2EE-D34D-4DF4-8BCA-063895056CB0}"
EndProject
Project("{9A19103F-16F7-4668-BE54-9A1E7A4F7556}") = "60-2", "60-2\60-2.csproj", "{E2670BE2-94A7-4FF9-A667-665D60607182}"
EndProject
Project("{9A19103F-16F7-4668-BE54-9A1E7A4F7556}") = "60-3", "60-3\60-3.csproj", "{C72E53E8-4E75-4EFA-A403-2518C74A43B6}"
EndProject
Project("{9A19103F-16F7-4668-BE54-9A1E7A4F7556}") = "60-4", "60-4\60-4.csproj", "{49CA1CE9-B3BD-4946-B5CA-5A27F7EA0D4B}"
EndProject
Project("{9A19103F-16F7-4668-BE54-9A1E7A4F7556}") = "65-2", "65-2\65-2.csproj", "{E6ED25E0-8DD4-4E97-A90E-78984B771B57}"
EndProject
Project("{9A19103F-16F7-4668-BE54-9A1E7A4F7556}") = "70-1", "70-1\70-1.csproj", "{CC467E32-0ECD-493A-B204-7BAA63E0BB23}"
EndProject
Project("{9A19103F-16F7-4668-BE54-9A1E7A4F7556}") = "70-2", "70-2\70-2.csproj", "{EB553617-0703-44A2-8D6C-F273050D812A}"
EndProject
Project("{9A19103F-16F7-4668-BE54-9A1E7A4F7556}") = "70-3", "70-3\70-3.csproj", "{77453FFE-60C8-4ECC-8101-26DC06FC9EB6}"
EndProject
Project("{9A19103F-16F7-4668-BE54-9A1E7A4F7556}") = "75-1", "75-1\75-1.csproj", "{E16F862C-3E65-4E0A-8C40-118CE4A44E13}"
EndProject
Project("{9A19103F-16F7-4668-BE54-9A1E7A4F7556}") = "80-1", "80-1\80-1.csproj", "{F83407E3-5CFC-48FD-BCC0-87EA770F72BF}"
EndProject
Project("{9A19103F-16F7-4668-BE54-9A1E7A4F7556}") = "65-1", "65-1\65-1.csproj", "{B5586AE0-F01B-4A49-9E17-3300B743E2D3}"
EndProject
Project("{9A19103F-16F7-4668-BE54-9A1E7A4F7556}") = "80-2", "80-2\80-2.csproj", "{CA26CEE8-BA82-43A3-A386-A0A4BE85E0B5}"
EndProject
Project("{9A19103F-16F7-4668-BE54-9A1E7A4F7556}") = "80-3", "80-3\80-3.csproj", "{C819D8C0-3672-418C-BC7B-99D239BCCD9D}"
EndProject
Project("{9A19103F-16F7-4668-BE54-9A1E7A4F7556}") = "80-4", "80-4\80-4.csproj", "{7A61FDB9-4AA8-4888-89B1-22330B02ECCA}"
EndProject
Project("{9A19103F-16F7-4668-BE54-9A1E7A4F7556}") = "80-5", "80-5\80-5.csproj", "{AEA9047A-CD9E-4D68-ADF2-42C61529C1D0}"
EndProject
Project("{9A19103F-16F7-4668-BE54-9A1E7A4F7556}") = "80-6", "80-6\80-6.csproj", "{130AD732-1150-4574-8E30-60518A73C85F}"
EndProject
Project("{9A19103F-16F7-4668-BE54-9A1E7A4F7556}") = "87-1", "87-1\87-1.csproj", "{4CBBE243-2F54-4514-8D2E-B49B88343C5F}"
EndProject
Project("{FAE04EC0-301F-11D3-BF4B-00C04F79EFBC}") = "100-1", "100-1\100-1.csproj", "{D7E16A6E-343F-4D55-8A3B-6D6958F39FAD}"
EndProject
Project("{FAE04EC0-301F-11D3-BF4B-00C04F79EFBC}") = "100-2", "100-2\100-2.csproj", "{DAFF0DFD-C59E-465C-A552-F30CFD3CD50E}"
EndProject
Project("{FAE04EC0-301F-11D3-BF4B-00C04F79EFBC}") = "105-1", "105-1\105-1.csproj", "{109B2F5B-0405-441C-8404-1A6291CDEAC0}"
EndProject
Project("{FAE04EC0-301F-11D3-BF4B-00C04F79EFBC}") = "105-2", "105-2\105-2.csproj", "{F3CFDD2C-6B67-444A-9ABF-40024F14B26C}"
EndProject
Project("{FAE04EC0-301F-11D3-BF4B-00C04F79EFBC}") = "105-3", "105-3\105-3.csproj", "{3722A65D-E315-4DE0-9ADA-7C30F980F315}"
EndProject
Global
	GlobalSection(SolutionConfigurationPlatforms) = preSolution
		Debug|Any CPU = Debug|Any CPU
		Release|Any CPU = Release|Any CPU
	EndGlobalSection
	GlobalSection(ProjectConfigurationPlatforms) = postSolution
		{6D2F5CA0-714B-4267-8D27-8E940D3F5BFA}.Debug|Any CPU.ActiveCfg = Debug|Any CPU
		{6D2F5CA0-714B-4267-8D27-8E940D3F5BFA}.Debug|Any CPU.Build.0 = Debug|Any CPU
		{6D2F5CA0-714B-4267-8D27-8E940D3F5BFA}.Release|Any CPU.ActiveCfg = Release|Any CPU
		{6D2F5CA0-714B-4267-8D27-8E940D3F5BFA}.Release|Any CPU.Build.0 = Release|Any CPU
		{D2C03DB6-716D-490D-AFFE-BDCF09912582}.Debug|Any CPU.ActiveCfg = Debug|Any CPU
		{D2C03DB6-716D-490D-AFFE-BDCF09912582}.Debug|Any CPU.Build.0 = Debug|Any CPU
		{D2C03DB6-716D-490D-AFFE-BDCF09912582}.Release|Any CPU.ActiveCfg = Release|Any CPU
		{D2C03DB6-716D-490D-AFFE-BDCF09912582}.Release|Any CPU.Build.0 = Release|Any CPU
		{FB2E9324-6016-4897-8C15-B6DF23985CDA}.Debug|Any CPU.ActiveCfg = Debug|Any CPU
		{FB2E9324-6016-4897-8C15-B6DF23985CDA}.Debug|Any CPU.Build.0 = Debug|Any CPU
		{FB2E9324-6016-4897-8C15-B6DF23985CDA}.Release|Any CPU.ActiveCfg = Release|Any CPU
		{FB2E9324-6016-4897-8C15-B6DF23985CDA}.Release|Any CPU.Build.0 = Release|Any CPU
		{095098EB-DF0F-4738-9EAF-BD98D54835B6}.Debug|Any CPU.ActiveCfg = Debug|Any CPU
		{095098EB-DF0F-4738-9EAF-BD98D54835B6}.Debug|Any CPU.Build.0 = Debug|Any CPU
		{095098EB-DF0F-4738-9EAF-BD98D54835B6}.Release|Any CPU.ActiveCfg = Release|Any CPU
		{095098EB-DF0F-4738-9EAF-BD98D54835B6}.Release|Any CPU.Build.0 = Release|Any CPU
		{FCAF0D35-5FE0-4879-A545-37D948EA463F}.Debug|Any CPU.ActiveCfg = Debug|Any CPU
		{FCAF0D35-5FE0-4879-A545-37D948EA463F}.Debug|Any CPU.Build.0 = Debug|Any CPU
		{FCAF0D35-5FE0-4879-A545-37D948EA463F}.Release|Any CPU.ActiveCfg = Release|Any CPU
		{FCAF0D35-5FE0-4879-A545-37D948EA463F}.Release|Any CPU.Build.0 = Release|Any CPU
		{E7A6A9FE-C2E7-4916-AAD5-D20EE69EFA90}.Debug|Any CPU.ActiveCfg = Debug|Any CPU
		{E7A6A9FE-C2E7-4916-AAD5-D20EE69EFA90}.Debug|Any CPU.Build.0 = Debug|Any CPU
		{E7A6A9FE-C2E7-4916-AAD5-D20EE69EFA90}.Release|Any CPU.ActiveCfg = Release|Any CPU
		{E7A6A9FE-C2E7-4916-AAD5-D20EE69EFA90}.Release|Any CPU.Build.0 = Release|Any CPU
		{40A8460E-568D-484C-9824-F22FB7AA505C}.Debug|Any CPU.ActiveCfg = Debug|Any CPU
		{40A8460E-568D-484C-9824-F22FB7AA505C}.Debug|Any CPU.Build.0 = Debug|Any CPU
		{40A8460E-568D-484C-9824-F22FB7AA505C}.Release|Any CPU.ActiveCfg = Release|Any CPU
		{40A8460E-568D-484C-9824-F22FB7AA505C}.Release|Any CPU.Build.0 = Release|Any CPU
		{791F3B1B-8BBD-401D-BCFA-B44CDCC0B1C7}.Debug|Any CPU.ActiveCfg = Debug|Any CPU
		{791F3B1B-8BBD-401D-BCFA-B44CDCC0B1C7}.Debug|Any CPU.Build.0 = Debug|Any CPU
		{791F3B1B-8BBD-401D-BCFA-B44CDCC0B1C7}.Release|Any CPU.ActiveCfg = Release|Any CPU
		{791F3B1B-8BBD-401D-BCFA-B44CDCC0B1C7}.Release|Any CPU.Build.0 = Release|Any CPU
		{7914E02E-0F7D-4666-8F4C-D23BC66B0D1E}.Debug|Any CPU.ActiveCfg = Debug|Any CPU
		{7914E02E-0F7D-4666-8F4C-D23BC66B0D1E}.Debug|Any CPU.Build.0 = Debug|Any CPU
		{7914E02E-0F7D-4666-8F4C-D23BC66B0D1E}.Release|Any CPU.ActiveCfg = Release|Any CPU
		{7914E02E-0F7D-4666-8F4C-D23BC66B0D1E}.Release|Any CPU.Build.0 = Release|Any CPU
		{ECE3A2EE-D34D-4DF4-8BCA-063895056CB0}.Debug|Any CPU.ActiveCfg = Debug|Any CPU
		{ECE3A2EE-D34D-4DF4-8BCA-063895056CB0}.Debug|Any CPU.Build.0 = Debug|Any CPU
		{ECE3A2EE-D34D-4DF4-8BCA-063895056CB0}.Release|Any CPU.ActiveCfg = Release|Any CPU
		{ECE3A2EE-D34D-4DF4-8BCA-063895056CB0}.Release|Any CPU.Build.0 = Release|Any CPU
		{E2670BE2-94A7-4FF9-A667-665D60607182}.Debug|Any CPU.ActiveCfg = Debug|Any CPU
		{E2670BE2-94A7-4FF9-A667-665D60607182}.Debug|Any CPU.Build.0 = Debug|Any CPU
		{E2670BE2-94A7-4FF9-A667-665D60607182}.Release|Any CPU.ActiveCfg = Release|Any CPU
		{E2670BE2-94A7-4FF9-A667-665D60607182}.Release|Any CPU.Build.0 = Release|Any CPU
		{C72E53E8-4E75-4EFA-A403-2518C74A43B6}.Debug|Any CPU.ActiveCfg = Debug|Any CPU
		{C72E53E8-4E75-4EFA-A403-2518C74A43B6}.Debug|Any CPU.Build.0 = Debug|Any CPU
		{C72E53E8-4E75-4EFA-A403-2518C74A43B6}.Release|Any CPU.ActiveCfg = Release|Any CPU
		{C72E53E8-4E75-4EFA-A403-2518C74A43B6}.Release|Any CPU.Build.0 = Release|Any CPU
		{49CA1CE9-B3BD-4946-B5CA-5A27F7EA0D4B}.Debug|Any CPU.ActiveCfg = Debug|Any CPU
		{49CA1CE9-B3BD-4946-B5CA-5A27F7EA0D4B}.Debug|Any CPU.Build.0 = Debug|Any CPU
		{49CA1CE9-B3BD-4946-B5CA-5A27F7EA0D4B}.Release|Any CPU.ActiveCfg = Release|Any CPU
		{49CA1CE9-B3BD-4946-B5CA-5A27F7EA0D4B}.Release|Any CPU.Build.0 = Release|Any CPU
		{E6ED25E0-8DD4-4E97-A90E-78984B771B57}.Debug|Any CPU.ActiveCfg = Debug|Any CPU
		{E6ED25E0-8DD4-4E97-A90E-78984B771B57}.Debug|Any CPU.Build.0 = Debug|Any CPU
		{E6ED25E0-8DD4-4E97-A90E-78984B771B57}.Release|Any CPU.ActiveCfg = Release|Any CPU
		{E6ED25E0-8DD4-4E97-A90E-78984B771B57}.Release|Any CPU.Build.0 = Release|Any CPU
		{CC467E32-0ECD-493A-B204-7BAA63E0BB23}.Debug|Any CPU.ActiveCfg = Debug|Any CPU
		{CC467E32-0ECD-493A-B204-7BAA63E0BB23}.Debug|Any CPU.Build.0 = Debug|Any CPU
		{CC467E32-0ECD-493A-B204-7BAA63E0BB23}.Release|Any CPU.ActiveCfg = Release|Any CPU
		{CC467E32-0ECD-493A-B204-7BAA63E0BB23}.Release|Any CPU.Build.0 = Release|Any CPU
		{EB553617-0703-44A2-8D6C-F273050D812A}.Debug|Any CPU.ActiveCfg = Debug|Any CPU
		{EB553617-0703-44A2-8D6C-F273050D812A}.Debug|Any CPU.Build.0 = Debug|Any CPU
		{EB553617-0703-44A2-8D6C-F273050D812A}.Release|Any CPU.ActiveCfg = Release|Any CPU
		{EB553617-0703-44A2-8D6C-F273050D812A}.Release|Any CPU.Build.0 = Release|Any CPU
		{77453FFE-60C8-4ECC-8101-26DC06FC9EB6}.Debug|Any CPU.ActiveCfg = Debug|Any CPU
		{77453FFE-60C8-4ECC-8101-26DC06FC9EB6}.Debug|Any CPU.Build.0 = Debug|Any CPU
		{77453FFE-60C8-4ECC-8101-26DC06FC9EB6}.Release|Any CPU.ActiveCfg = Release|Any CPU
		{77453FFE-60C8-4ECC-8101-26DC06FC9EB6}.Release|Any CPU.Build.0 = Release|Any CPU
		{E16F862C-3E65-4E0A-8C40-118CE4A44E13}.Debug|Any CPU.ActiveCfg = Debug|Any CPU
		{E16F862C-3E65-4E0A-8C40-118CE4A44E13}.Debug|Any CPU.Build.0 = Debug|Any CPU
		{E16F862C-3E65-4E0A-8C40-118CE4A44E13}.Release|Any CPU.ActiveCfg = Release|Any CPU
		{E16F862C-3E65-4E0A-8C40-118CE4A44E13}.Release|Any CPU.Build.0 = Release|Any CPU
		{F83407E3-5CFC-48FD-BCC0-87EA770F72BF}.Debug|Any CPU.ActiveCfg = Debug|Any CPU
		{F83407E3-5CFC-48FD-BCC0-87EA770F72BF}.Debug|Any CPU.Build.0 = Debug|Any CPU
		{F83407E3-5CFC-48FD-BCC0-87EA770F72BF}.Release|Any CPU.ActiveCfg = Release|Any CPU
		{F83407E3-5CFC-48FD-BCC0-87EA770F72BF}.Release|Any CPU.Build.0 = Release|Any CPU
		{B5586AE0-F01B-4A49-9E17-3300B743E2D3}.Debug|Any CPU.ActiveCfg = Debug|Any CPU
		{B5586AE0-F01B-4A49-9E17-3300B743E2D3}.Debug|Any CPU.Build.0 = Debug|Any CPU
		{B5586AE0-F01B-4A49-9E17-3300B743E2D3}.Release|Any CPU.ActiveCfg = Release|Any CPU
		{B5586AE0-F01B-4A49-9E17-3300B743E2D3}.Release|Any CPU.Build.0 = Release|Any CPU
		{CA26CEE8-BA82-43A3-A386-A0A4BE85E0B5}.Debug|Any CPU.ActiveCfg = Debug|Any CPU
		{CA26CEE8-BA82-43A3-A386-A0A4BE85E0B5}.Debug|Any CPU.Build.0 = Debug|Any CPU
		{CA26CEE8-BA82-43A3-A386-A0A4BE85E0B5}.Release|Any CPU.ActiveCfg = Release|Any CPU
		{CA26CEE8-BA82-43A3-A386-A0A4BE85E0B5}.Release|Any CPU.Build.0 = Release|Any CPU
		{C819D8C0-3672-418C-BC7B-99D239BCCD9D}.Debug|Any CPU.ActiveCfg = Debug|Any CPU
		{C819D8C0-3672-418C-BC7B-99D239BCCD9D}.Debug|Any CPU.Build.0 = Debug|Any CPU
		{C819D8C0-3672-418C-BC7B-99D239BCCD9D}.Release|Any CPU.ActiveCfg = Release|Any CPU
		{C819D8C0-3672-418C-BC7B-99D239BCCD9D}.Release|Any CPU.Build.0 = Release|Any CPU
		{7A61FDB9-4AA8-4888-89B1-22330B02ECCA}.Debug|Any CPU.ActiveCfg = Debug|Any CPU
		{7A61FDB9-4AA8-4888-89B1-22330B02ECCA}.Debug|Any CPU.Build.0 = Debug|Any CPU
		{7A61FDB9-4AA8-4888-89B1-22330B02ECCA}.Release|Any CPU.ActiveCfg = Release|Any CPU
		{7A61FDB9-4AA8-4888-89B1-22330B02ECCA}.Release|Any CPU.Build.0 = Release|Any CPU
		{AEA9047A-CD9E-4D68-ADF2-42C61529C1D0}.Debug|Any CPU.ActiveCfg = Debug|Any CPU
		{AEA9047A-CD9E-4D68-ADF2-42C61529C1D0}.Debug|Any CPU.Build.0 = Debug|Any CPU
		{AEA9047A-CD9E-4D68-ADF2-42C61529C1D0}.Release|Any CPU.ActiveCfg = Release|Any CPU
		{AEA9047A-CD9E-4D68-ADF2-42C61529C1D0}.Release|Any CPU.Build.0 = Release|Any CPU
		{130AD732-1150-4574-8E30-60518A73C85F}.Debug|Any CPU.ActiveCfg = Debug|Any CPU
		{130AD732-1150-4574-8E30-60518A73C85F}.Debug|Any CPU.Build.0 = Debug|Any CPU
		{130AD732-1150-4574-8E30-60518A73C85F}.Release|Any CPU.ActiveCfg = Release|Any CPU
		{130AD732-1150-4574-8E30-60518A73C85F}.Release|Any CPU.Build.0 = Release|Any CPU
		{4CBBE243-2F54-4514-8D2E-B49B88343C5F}.Debug|Any CPU.ActiveCfg = Debug|Any CPU
		{4CBBE243-2F54-4514-8D2E-B49B88343C5F}.Debug|Any CPU.Build.0 = Debug|Any CPU
		{4CBBE243-2F54-4514-8D2E-B49B88343C5F}.Release|Any CPU.ActiveCfg = Release|Any CPU
		{4CBBE243-2F54-4514-8D2E-B49B88343C5F}.Release|Any CPU.Build.0 = Release|Any CPU
		{D7E16A6E-343F-4D55-8A3B-6D6958F39FAD}.Debug|Any CPU.ActiveCfg = Debug|Any CPU
		{D7E16A6E-343F-4D55-8A3B-6D6958F39FAD}.Debug|Any CPU.Build.0 = Debug|Any CPU
		{D7E16A6E-343F-4D55-8A3B-6D6958F39FAD}.Release|Any CPU.ActiveCfg = Release|Any CPU
		{D7E16A6E-343F-4D55-8A3B-6D6958F39FAD}.Release|Any CPU.Build.0 = Release|Any CPU
		{DAFF0DFD-C59E-465C-A552-F30CFD3CD50E}.Debug|Any CPU.ActiveCfg = Debug|Any CPU
		{DAFF0DFD-C59E-465C-A552-F30CFD3CD50E}.Debug|Any CPU.Build.0 = Debug|Any CPU
		{DAFF0DFD-C59E-465C-A552-F30CFD3CD50E}.Release|Any CPU.ActiveCfg = Release|Any CPU
		{DAFF0DFD-C59E-465C-A552-F30CFD3CD50E}.Release|Any CPU.Build.0 = Release|Any CPU
		{109B2F5B-0405-441C-8404-1A6291CDEAC0}.Debug|Any CPU.ActiveCfg = Debug|Any CPU
		{109B2F5B-0405-441C-8404-1A6291CDEAC0}.Debug|Any CPU.Build.0 = Debug|Any CPU
		{109B2F5B-0405-441C-8404-1A6291CDEAC0}.Release|Any CPU.ActiveCfg = Release|Any CPU
		{109B2F5B-0405-441C-8404-1A6291CDEAC0}.Release|Any CPU.Build.0 = Release|Any CPU
		{F3CFDD2C-6B67-444A-9ABF-40024F14B26C}.Debug|Any CPU.ActiveCfg = Debug|Any CPU
		{F3CFDD2C-6B67-444A-9ABF-40024F14B26C}.Debug|Any CPU.Build.0 = Debug|Any CPU
		{F3CFDD2C-6B67-444A-9ABF-40024F14B26C}.Release|Any CPU.ActiveCfg = Release|Any CPU
		{F3CFDD2C-6B67-444A-9ABF-40024F14B26C}.Release|Any CPU.Build.0 = Release|Any CPU
		{3722A65D-E315-4DE0-9ADA-7C30F980F315}.Debug|Any CPU.ActiveCfg = Debug|Any CPU
		{3722A65D-E315-4DE0-9ADA-7C30F980F315}.Debug|Any CPU.Build.0 = Debug|Any CPU
		{3722A65D-E315-4DE0-9ADA-7C30F980F315}.Release|Any CPU.ActiveCfg = Release|Any CPU
		{3722A65D-E315-4DE0-9ADA-7C30F980F315}.Release|Any CPU.Build.0 = Release|Any CPU
	EndGlobalSection
	GlobalSection(SolutionProperties) = preSolution
		HideSolutionNode = FALSE
	EndGlobalSection
	GlobalSection(ExtensibilityGlobals) = postSolution
		SolutionGuid = {40784987-B697-4A47-9447-2772C44C4052}
	EndGlobalSection
EndGlobal
